
Microsoft Visual Studio Solution File, Format Version 12.00
# Visual Studio Version 16
VisualStudioVersion = 16.0.30621.155
MinimumVisualStudioVersion = 10.0.40219.1
Project("{FAE04EC0-301F-11D3-BF4B-00C04F79EFBC}") = "ACWW Letter Editor", "ACWW Letter Editor\ACWW Letter Editor.csproj", "{15951E5F-F447-4F25-AD3F-01230D29F809}"
EndProject
Global
	GlobalSection(SolutionConfigurationPlatforms) = preSolution
		Debug|Any CPU = Debug|Any CPU
		Release|Any CPU = Release|Any CPU
	EndGlobalSection
	GlobalSection(ProjectConfigurationPlatforms) = postSolution
		{15951E5F-F447-4F25-AD3F-01230D29F809}.Debug|Any CPU.ActiveCfg = Debug|Any CPU
		{15951E5F-F447-4F25-AD3F-01230D29F809}.Debug|Any CPU.Build.0 = Debug|Any CPU
		{15951E5F-F447-4F25-AD3F-01230D29F809}.Release|Any CPU.ActiveCfg = Release|Any CPU
		{15951E5F-F447-4F25-AD3F-01230D29F809}.Release|Any CPU.Build.0 = Release|Any CPU
	EndGlobalSection
	GlobalSection(SolutionProperties) = preSolution
		HideSolutionNode = FALSE
	EndGlobalSection
	GlobalSection(ExtensibilityGlobals) = postSolution
		SolutionGuid = {BB70B4BB-93B0-4DF8-876A-B29228B225FC}
	EndGlobalSection
EndGlobal
